
Microsoft Visual Studio Solution File, Format Version 12.00
# Visual Studio Version 16
VisualStudioVersion = 16.0.31829.152
MinimumVisualStudioVersion = 10.0.40219.1
Project("{9A19103F-16F7-4668-BE54-9A1E7A4F7556}") = "Pavel_Andrei_Lab8", "Pavel_Andrei_Lab8.csproj", "{2005D3D8-F954-4FE2-AFDA-6A194A7A8DEB}"
EndProject
Global
	GlobalSection(SolutionConfigurationPlatforms) = preSolution
		Debug|Any CPU = Debug|Any CPU
		Release|Any CPU = Release|Any CPU
	EndGlobalSection
	GlobalSection(ProjectConfigurationPlatforms) = postSolution
		{2005D3D8-F954-4FE2-AFDA-6A194A7A8DEB}.Debug|Any CPU.ActiveCfg = Debug|Any CPU
		{2005D3D8-F954-4FE2-AFDA-6A194A7A8DEB}.Debug|Any CPU.Build.0 = Debug|Any CPU
		{2005D3D8-F954-4FE2-AFDA-6A194A7A8DEB}.Release|Any CPU.ActiveCfg = Release|Any CPU
		{2005D3D8-F954-4FE2-AFDA-6A194A7A8DEB}.Release|Any CPU.Build.0 = Release|Any CPU
	EndGlobalSection
	GlobalSection(SolutionProperties) = preSolution
		HideSolutionNode = FALSE
	EndGlobalSection
	GlobalSection(ExtensibilityGlobals) = postSolution
		SolutionGuid = {5EAA7E95-0B04-476E-B9AE-C2F824216F0B}
	EndGlobalSection
EndGlobal
